// !$*UTF8*$!
{
	archiveVersion = 1;
	classes = {
	};
	objectVersion = 46;
	objects = {

/* Begin PBXBuildFile section */
		3418ABF61DFF15DD00E71ECB /* RetroluxReflector.framework in Frameworks */ = {isa = PBXBuildFile; fileRef = 497131A81DB87507007AF60E /* RetroluxReflector.framework */; };
		3418ABF81DFF1B3A00E71ECB /* BuilderTests.swift in Sources */ = {isa = PBXBuildFile; fileRef = 3418ABF71DFF1B3A00E71ECB /* BuilderTests.swift */; };
		3424A6E91E3A7EE200D2240F /* MultipartFormDataSerializerTests.swift in Sources */ = {isa = PBXBuildFile; fileRef = 3424A6E81E3A7EE200D2240F /* MultipartFormDataSerializerTests.swift */; };
		3424A6EF1E3A962700D2240F /* request.data in Resources */ = {isa = PBXBuildFile; fileRef = 3424A6EE1E3A962700D2240F /* request.data */; };
		3472D1C81E0C70E600AE8621 /* URLEncodedSerializer.swift in Sources */ = {isa = PBXBuildFile; fileRef = 3472D1C71E0C70E600AE8621 /* URLEncodedSerializer.swift */; };
		347814EC1E36AFD6004E47E0 /* DigestAuthTests.swift in Sources */ = {isa = PBXBuildFile; fileRef = 347814EB1E36AFD6004E47E0 /* DigestAuthTests.swift */; };
		3484545C1DB2C37700032ACC /* ReflectionJSONSerializerTests.swift in Sources */ = {isa = PBXBuildFile; fileRef = 3484545B1DB2C37700032ACC /* ReflectionJSONSerializerTests.swift */; };
		34926EEA1E3023B3009E4E42 /* Sensitive.plist in Resources */ = {isa = PBXBuildFile; fileRef = 34926EE71E3020CE009E4E42 /* Sensitive.plist */; };
		34B0D0161E38097C0036A65E /* SerializerArg.swift in Sources */ = {isa = PBXBuildFile; fileRef = 34B0D0151E38097C0036A65E /* SerializerArg.swift */; };
		34E21CCD1E1B26F8003294D6 /* URLEncodedBody.swift in Sources */ = {isa = PBXBuildFile; fileRef = 34E21CCC1E1B26F8003294D6 /* URLEncodedBody.swift */; };
		34E21CCF1E1B2A20003294D6 /* URLEncodedSerializerTests.swift in Sources */ = {isa = PBXBuildFile; fileRef = 34E21CCE1E1B2A20003294D6 /* URLEncodedSerializerTests.swift */; };
		34E55BF11E3A6D49000DD128 /* Query.swift in Sources */ = {isa = PBXBuildFile; fileRef = 34E55BF01E3A6D49000DD128 /* Query.swift */; };
		34E55BF31E3A6F1B000DD128 /* QueryTests.swift in Sources */ = {isa = PBXBuildFile; fileRef = 34E55BF21E3A6F1B000DD128 /* QueryTests.swift */; };
		34E55BF51E3A6F55000DD128 /* RetroluxBuilder.swift in Sources */ = {isa = PBXBuildFile; fileRef = 34E55BF41E3A6F55000DD128 /* RetroluxBuilder.swift */; };
		34E55BF91E3A7476000DD128 /* PathTests.swift in Sources */ = {isa = PBXBuildFile; fileRef = 34E55BF81E3A7476000DD128 /* PathTests.swift */; };
		34E55BFB1E3A7B8B000DD128 /* MultipartFormDataSerializer.swift in Sources */ = {isa = PBXBuildFile; fileRef = 34E55BFA1E3A7B8B000DD128 /* MultipartFormDataSerializer.swift */; };
		34E55BFD1E3A7BDE000DD128 /* MultipartEncodeable.swift in Sources */ = {isa = PBXBuildFile; fileRef = 34E55BFC1E3A7BDE000DD128 /* MultipartEncodeable.swift */; };
		34E55BFF1E3A7BF7000DD128 /* Part.swift in Sources */ = {isa = PBXBuildFile; fileRef = 34E55BFE1E3A7BF7000DD128 /* Part.swift */; };
		34E5F3021DFF89B20014537C /* ClientResponse.swift in Sources */ = {isa = PBXBuildFile; fileRef = 34E5F3011DFF89B20014537C /* ClientResponse.swift */; };
		34F027921E3BE954007AA8C9 /* Field.swift in Sources */ = {isa = PBXBuildFile; fileRef = 34F027911E3BE954007AA8C9 /* Field.swift */; };
		34F027941E3BF4B8007AA8C9 /* testmultipleparts.data in Resources */ = {isa = PBXBuildFile; fileRef = 34F027931E3BF4B8007AA8C9 /* testmultipleparts.data */; };
		34F027961E3BFC79007AA8C9 /* HeaderTests.swift in Sources */ = {isa = PBXBuildFile; fileRef = 34F027951E3BFC79007AA8C9 /* HeaderTests.swift */; };
		34F027991E3BFF9E007AA8C9 /* AFError.swift in Sources */ = {isa = PBXBuildFile; fileRef = 34F027971E3BFF9E007AA8C9 /* AFError.swift */; };
		34F0279A1E3BFF9E007AA8C9 /* MultipartFormData.swift in Sources */ = {isa = PBXBuildFile; fileRef = 34F027981E3BFF9E007AA8C9 /* MultipartFormData.swift */; };
		34F26CA41CFFE8A9008C3D9A /* AppDelegate.swift in Sources */ = {isa = PBXBuildFile; fileRef = 34F26CA31CFFE8A9008C3D9A /* AppDelegate.swift */; };
		34F26CA61CFFE8A9008C3D9A /* ViewController.swift in Sources */ = {isa = PBXBuildFile; fileRef = 34F26CA51CFFE8A9008C3D9A /* ViewController.swift */; };
		34F26CA91CFFE8A9008C3D9A /* Main.storyboard in Resources */ = {isa = PBXBuildFile; fileRef = 34F26CA71CFFE8A9008C3D9A /* Main.storyboard */; };
		34F26CAB1CFFE8A9008C3D9A /* Assets.xcassets in Resources */ = {isa = PBXBuildFile; fileRef = 34F26CAA1CFFE8A9008C3D9A /* Assets.xcassets */; };
		34F26CAE1CFFE8A9008C3D9A /* LaunchScreen.storyboard in Resources */ = {isa = PBXBuildFile; fileRef = 34F26CAC1CFFE8A9008C3D9A /* LaunchScreen.storyboard */; };
		497131A91DB87507007AF60E /* RetroluxReflector.framework in Frameworks */ = {isa = PBXBuildFile; fileRef = 497131A81DB87507007AF60E /* RetroluxReflector.framework */; };
		497131AA1DB87507007AF60E /* RetroluxReflector.framework in Embed Frameworks */ = {isa = PBXBuildFile; fileRef = 497131A81DB87507007AF60E /* RetroluxReflector.framework */; settings = {ATTRIBUTES = (CodeSignOnCopy, RemoveHeadersOnCopy, ); }; };
		498BCF621D39F9B100345E9F /* Task.swift in Sources */ = {isa = PBXBuildFile; fileRef = 498BCF611D39F9B100345E9F /* Task.swift */; };
		498BCF661D39FC5E00345E9F /* HTTPClient.swift in Sources */ = {isa = PBXBuildFile; fileRef = 498BCF651D39FC5E00345E9F /* HTTPClient.swift */; };
		4990617B1DA9AFE30047F553 /* Serializer.swift in Sources */ = {isa = PBXBuildFile; fileRef = 4990617A1DA9AFE30047F553 /* Serializer.swift */; };
		4990617D1DA9B1D20047F553 /* HTTPCallFactory.swift in Sources */ = {isa = PBXBuildFile; fileRef = 4990617C1DA9B1D20047F553 /* HTTPCallFactory.swift */; };
		4990617F1DA9B39F0047F553 /* ReflectionJSONSerializer.swift in Sources */ = {isa = PBXBuildFile; fileRef = 4990617E1DA9B39F0047F553 /* ReflectionJSONSerializer.swift */; };
		4999F8FB1DA8CD5B00E4C556 /* Call.swift in Sources */ = {isa = PBXBuildFile; fileRef = 4999F8FA1DA8CD5B00E4C556 /* Call.swift */; };
		4999F8FE1DA8CD7C00E4C556 /* Client.swift in Sources */ = {isa = PBXBuildFile; fileRef = 4999F8FD1DA8CD7C00E4C556 /* Client.swift */; };
		4999F9081DA8CF6800E4C556 /* HTTPTask.swift in Sources */ = {isa = PBXBuildFile; fileRef = 4999F9071DA8CF6800E4C556 /* HTTPTask.swift */; };
		4999F90A1DA8CFEC00E4C556 /* Header.swift in Sources */ = {isa = PBXBuildFile; fileRef = 4999F9091DA8CFEC00E4C556 /* Header.swift */; };
		49C192581DA96CE400823A55 /* Builder.swift in Sources */ = {isa = PBXBuildFile; fileRef = 49C192571DA96CE400823A55 /* Builder.swift */; };
		49C1925A1DA96D4500823A55 /* Method.swift in Sources */ = {isa = PBXBuildFile; fileRef = 49C192591DA96D4500823A55 /* Method.swift */; };
		49C1925C1DA9958F00823A55 /* HTTPCall.swift in Sources */ = {isa = PBXBuildFile; fileRef = 49C1925B1DA9958F00823A55 /* HTTPCall.swift */; };
		49C1925E1DA99B0000823A55 /* CallFactory.swift in Sources */ = {isa = PBXBuildFile; fileRef = 49C1925D1DA99B0000823A55 /* CallFactory.swift */; };
		49DE43441DAAA0C000D41572 /* Body.swift in Sources */ = {isa = PBXBuildFile; fileRef = 49DE43431DAAA0C000D41572 /* Body.swift */; };
		49DE43481DAAA54C00D41572 /* SelfApplyingArg.swift in Sources */ = {isa = PBXBuildFile; fileRef = 49DE43471DAAA54C00D41572 /* SelfApplyingArg.swift */; };
		49DE434A1DAAA57C00D41572 /* WrappedSerializerArg.swift in Sources */ = {isa = PBXBuildFile; fileRef = 49DE43491DAAA57C00D41572 /* WrappedSerializerArg.swift */; };
		49DE434C1DAAD82100D41572 /* Path.swift in Sources */ = {isa = PBXBuildFile; fileRef = 49DE434B1DAAD82100D41572 /* Path.swift */; };
		49DE434E1DAAE01800D41572 /* MergeableArg.swift in Sources */ = {isa = PBXBuildFile; fileRef = 49DE434D1DAAE01800D41572 /* MergeableArg.swift */; };
		F3A3D0111D875C7A0067D03C /* Response.swift in Sources */ = {isa = PBXBuildFile; fileRef = F3A3D0101D875C7A0067D03C /* Response.swift */; };
/* End PBXBuildFile section */

/* Begin PBXContainerItemProxy section */
		4978AA8E1D35A11900E1F1A5 /* PBXContainerItemProxy */ = {
			isa = PBXContainerItemProxy;
			containerPortal = 34F26C981CFFE8A9008C3D9A /* Project object */;
			proxyType = 1;
			remoteGlobalIDString = 34F26C9F1CFFE8A9008C3D9A;
			remoteInfo = Retrolux;
		};
/* End PBXContainerItemProxy section */

/* Begin PBXCopyFilesBuildPhase section */
		497131AB1DB87507007AF60E /* Embed Frameworks */ = {
			isa = PBXCopyFilesBuildPhase;
			buildActionMask = 2147483647;
			dstPath = "";
			dstSubfolderSpec = 10;
			files = (
				497131AA1DB87507007AF60E /* RetroluxReflector.framework in Embed Frameworks */,
			);
			name = "Embed Frameworks";
			runOnlyForDeploymentPostprocessing = 0;
		};
/* End PBXCopyFilesBuildPhase section */

/* Begin PBXFileReference section */
		3418ABF71DFF1B3A00E71ECB /* BuilderTests.swift */ = {isa = PBXFileReference; fileEncoding = 4; lastKnownFileType = sourcecode.swift; path = BuilderTests.swift; sourceTree = "<group>"; };
		3424A6E81E3A7EE200D2240F /* MultipartFormDataSerializerTests.swift */ = {isa = PBXFileReference; fileEncoding = 4; lastKnownFileType = sourcecode.swift; path = MultipartFormDataSerializerTests.swift; sourceTree = "<group>"; };
		3424A6EE1E3A962700D2240F /* request.data */ = {isa = PBXFileReference; lastKnownFileType = file; path = request.data; sourceTree = "<group>"; };
		3472D1C71E0C70E600AE8621 /* URLEncodedSerializer.swift */ = {isa = PBXFileReference; fileEncoding = 4; lastKnownFileType = sourcecode.swift; path = URLEncodedSerializer.swift; sourceTree = "<group>"; };
		347814EB1E36AFD6004E47E0 /* DigestAuthTests.swift */ = {isa = PBXFileReference; fileEncoding = 4; lastKnownFileType = sourcecode.swift; path = DigestAuthTests.swift; sourceTree = "<group>"; };
		3484545B1DB2C37700032ACC /* ReflectionJSONSerializerTests.swift */ = {isa = PBXFileReference; fileEncoding = 4; lastKnownFileType = sourcecode.swift; path = ReflectionJSONSerializerTests.swift; sourceTree = "<group>"; };
		34926EE61E301255009E4E42 /* RetroluxTests-Bridging-Header.h */ = {isa = PBXFileReference; fileEncoding = 4; lastKnownFileType = sourcecode.c.h; path = "RetroluxTests-Bridging-Header.h"; sourceTree = "<group>"; };
		34926EE71E3020CE009E4E42 /* Sensitive.plist */ = {isa = PBXFileReference; fileEncoding = 4; lastKnownFileType = text.plist.xml; path = Sensitive.plist; sourceTree = "<group>"; };
		34B0D0151E38097C0036A65E /* SerializerArg.swift */ = {isa = PBXFileReference; fileEncoding = 4; lastKnownFileType = sourcecode.swift; path = SerializerArg.swift; sourceTree = "<group>"; };
		34E21CCC1E1B26F8003294D6 /* URLEncodedBody.swift */ = {isa = PBXFileReference; fileEncoding = 4; lastKnownFileType = sourcecode.swift; path = URLEncodedBody.swift; sourceTree = "<group>"; };
		34E21CCE1E1B2A20003294D6 /* URLEncodedSerializerTests.swift */ = {isa = PBXFileReference; fileEncoding = 4; lastKnownFileType = sourcecode.swift; path = URLEncodedSerializerTests.swift; sourceTree = "<group>"; };
		34E55BF01E3A6D49000DD128 /* Query.swift */ = {isa = PBXFileReference; fileEncoding = 4; lastKnownFileType = sourcecode.swift; path = Query.swift; sourceTree = "<group>"; };
		34E55BF21E3A6F1B000DD128 /* QueryTests.swift */ = {isa = PBXFileReference; fileEncoding = 4; lastKnownFileType = sourcecode.swift; path = QueryTests.swift; sourceTree = "<group>"; };
		34E55BF41E3A6F55000DD128 /* RetroluxBuilder.swift */ = {isa = PBXFileReference; fileEncoding = 4; lastKnownFileType = sourcecode.swift; path = RetroluxBuilder.swift; sourceTree = "<group>"; };
		34E55BF81E3A7476000DD128 /* PathTests.swift */ = {isa = PBXFileReference; fileEncoding = 4; lastKnownFileType = sourcecode.swift; path = PathTests.swift; sourceTree = "<group>"; };
		34E55BFA1E3A7B8B000DD128 /* MultipartFormDataSerializer.swift */ = {isa = PBXFileReference; fileEncoding = 4; lastKnownFileType = sourcecode.swift; path = MultipartFormDataSerializer.swift; sourceTree = "<group>"; };
		34E55BFC1E3A7BDE000DD128 /* MultipartEncodeable.swift */ = {isa = PBXFileReference; fileEncoding = 4; lastKnownFileType = sourcecode.swift; path = MultipartEncodeable.swift; sourceTree = "<group>"; };
		34E55BFE1E3A7BF7000DD128 /* Part.swift */ = {isa = PBXFileReference; fileEncoding = 4; lastKnownFileType = sourcecode.swift; path = Part.swift; sourceTree = "<group>"; };
		34E5F3011DFF89B20014537C /* ClientResponse.swift */ = {isa = PBXFileReference; fileEncoding = 4; lastKnownFileType = sourcecode.swift; path = ClientResponse.swift; sourceTree = "<group>"; };
		34F027911E3BE954007AA8C9 /* Field.swift */ = {isa = PBXFileReference; fileEncoding = 4; lastKnownFileType = sourcecode.swift; path = Field.swift; sourceTree = "<group>"; };
		34F027931E3BF4B8007AA8C9 /* testmultipleparts.data */ = {isa = PBXFileReference; fileEncoding = 4; lastKnownFileType = text; path = testmultipleparts.data; sourceTree = "<group>"; };
		34F027951E3BFC79007AA8C9 /* HeaderTests.swift */ = {isa = PBXFileReference; fileEncoding = 4; lastKnownFileType = sourcecode.swift; path = HeaderTests.swift; sourceTree = "<group>"; };
		34F027971E3BFF9E007AA8C9 /* AFError.swift */ = {isa = PBXFileReference; fileEncoding = 4; lastKnownFileType = sourcecode.swift; path = AFError.swift; sourceTree = "<group>"; };
		34F027981E3BFF9E007AA8C9 /* MultipartFormData.swift */ = {isa = PBXFileReference; fileEncoding = 4; lastKnownFileType = sourcecode.swift; path = MultipartFormData.swift; sourceTree = "<group>"; };
		34F26CA01CFFE8A9008C3D9A /* Retrolux.app */ = {isa = PBXFileReference; explicitFileType = wrapper.application; includeInIndex = 0; path = Retrolux.app; sourceTree = BUILT_PRODUCTS_DIR; };
		34F26CA31CFFE8A9008C3D9A /* AppDelegate.swift */ = {isa = PBXFileReference; lastKnownFileType = sourcecode.swift; path = AppDelegate.swift; sourceTree = "<group>"; };
		34F26CA51CFFE8A9008C3D9A /* ViewController.swift */ = {isa = PBXFileReference; lastKnownFileType = sourcecode.swift; path = ViewController.swift; sourceTree = "<group>"; };
		34F26CA81CFFE8A9008C3D9A /* Base */ = {isa = PBXFileReference; lastKnownFileType = file.storyboard; name = Base; path = Base.lproj/Main.storyboard; sourceTree = "<group>"; };
		34F26CAA1CFFE8A9008C3D9A /* Assets.xcassets */ = {isa = PBXFileReference; lastKnownFileType = folder.assetcatalog; path = Assets.xcassets; sourceTree = "<group>"; };
		34F26CAD1CFFE8A9008C3D9A /* Base */ = {isa = PBXFileReference; lastKnownFileType = file.storyboard; name = Base; path = Base.lproj/LaunchScreen.storyboard; sourceTree = "<group>"; };
		34F26CAF1CFFE8A9008C3D9A /* Info.plist */ = {isa = PBXFileReference; lastKnownFileType = text.plist.xml; path = Info.plist; sourceTree = "<group>"; };
		497131A81DB87507007AF60E /* RetroluxReflector.framework */ = {isa = PBXFileReference; lastKnownFileType = wrapper.framework; name = RetroluxReflector.framework; path = Carthage/Build/iOS/RetroluxReflector.framework; sourceTree = "<group>"; };
		4978AA891D35A11900E1F1A5 /* RetroluxTests.xctest */ = {isa = PBXFileReference; explicitFileType = wrapper.cfbundle; includeInIndex = 0; path = RetroluxTests.xctest; sourceTree = BUILT_PRODUCTS_DIR; };
		4978AA8D1D35A11900E1F1A5 /* Info.plist */ = {isa = PBXFileReference; lastKnownFileType = text.plist.xml; path = Info.plist; sourceTree = "<group>"; };
		498BCF611D39F9B100345E9F /* Task.swift */ = {isa = PBXFileReference; fileEncoding = 4; lastKnownFileType = sourcecode.swift; path = Task.swift; sourceTree = "<group>"; };
		498BCF651D39FC5E00345E9F /* HTTPClient.swift */ = {isa = PBXFileReference; fileEncoding = 4; lastKnownFileType = sourcecode.swift; path = HTTPClient.swift; sourceTree = "<group>"; };
		4990617A1DA9AFE30047F553 /* Serializer.swift */ = {isa = PBXFileReference; fileEncoding = 4; lastKnownFileType = sourcecode.swift; path = Serializer.swift; sourceTree = "<group>"; };
		4990617C1DA9B1D20047F553 /* HTTPCallFactory.swift */ = {isa = PBXFileReference; fileEncoding = 4; lastKnownFileType = sourcecode.swift; path = HTTPCallFactory.swift; sourceTree = "<group>"; };
		4990617E1DA9B39F0047F553 /* ReflectionJSONSerializer.swift */ = {isa = PBXFileReference; fileEncoding = 4; lastKnownFileType = sourcecode.swift; path = ReflectionJSONSerializer.swift; sourceTree = "<group>"; };
		4999F8FA1DA8CD5B00E4C556 /* Call.swift */ = {isa = PBXFileReference; fileEncoding = 4; lastKnownFileType = sourcecode.swift; path = Call.swift; sourceTree = "<group>"; };
		4999F8FD1DA8CD7C00E4C556 /* Client.swift */ = {isa = PBXFileReference; fileEncoding = 4; lastKnownFileType = sourcecode.swift; path = Client.swift; sourceTree = "<group>"; };
		4999F9071DA8CF6800E4C556 /* HTTPTask.swift */ = {isa = PBXFileReference; fileEncoding = 4; lastKnownFileType = sourcecode.swift; path = HTTPTask.swift; sourceTree = "<group>"; };
		4999F9091DA8CFEC00E4C556 /* Header.swift */ = {isa = PBXFileReference; fileEncoding = 4; lastKnownFileType = sourcecode.swift; path = Header.swift; sourceTree = "<group>"; };
		49C192571DA96CE400823A55 /* Builder.swift */ = {isa = PBXFileReference; fileEncoding = 4; lastKnownFileType = sourcecode.swift; path = Builder.swift; sourceTree = "<group>"; };
		49C192591DA96D4500823A55 /* Method.swift */ = {isa = PBXFileReference; fileEncoding = 4; lastKnownFileType = sourcecode.swift; path = Method.swift; sourceTree = "<group>"; };
		49C1925B1DA9958F00823A55 /* HTTPCall.swift */ = {isa = PBXFileReference; fileEncoding = 4; lastKnownFileType = sourcecode.swift; path = HTTPCall.swift; sourceTree = "<group>"; };
		49C1925D1DA99B0000823A55 /* CallFactory.swift */ = {isa = PBXFileReference; fileEncoding = 4; lastKnownFileType = sourcecode.swift; path = CallFactory.swift; sourceTree = "<group>"; };
		49DE43431DAAA0C000D41572 /* Body.swift */ = {isa = PBXFileReference; fileEncoding = 4; lastKnownFileType = sourcecode.swift; path = Body.swift; sourceTree = "<group>"; };
		49DE43471DAAA54C00D41572 /* SelfApplyingArg.swift */ = {isa = PBXFileReference; fileEncoding = 4; lastKnownFileType = sourcecode.swift; path = SelfApplyingArg.swift; sourceTree = "<group>"; };
		49DE43491DAAA57C00D41572 /* WrappedSerializerArg.swift */ = {isa = PBXFileReference; fileEncoding = 4; lastKnownFileType = sourcecode.swift; path = WrappedSerializerArg.swift; sourceTree = "<group>"; };
		49DE434B1DAAD82100D41572 /* Path.swift */ = {isa = PBXFileReference; fileEncoding = 4; lastKnownFileType = sourcecode.swift; path = Path.swift; sourceTree = "<group>"; };
		49DE434D1DAAE01800D41572 /* MergeableArg.swift */ = {isa = PBXFileReference; fileEncoding = 4; lastKnownFileType = sourcecode.swift; path = MergeableArg.swift; sourceTree = "<group>"; };
		F3A3D0101D875C7A0067D03C /* Response.swift */ = {isa = PBXFileReference; fileEncoding = 4; lastKnownFileType = sourcecode.swift; path = Response.swift; sourceTree = "<group>"; };
/* End PBXFileReference section */

/* Begin PBXFrameworksBuildPhase section */
		34F26C9D1CFFE8A9008C3D9A /* Frameworks */ = {
			isa = PBXFrameworksBuildPhase;
			buildActionMask = 2147483647;
			files = (
				497131A91DB87507007AF60E /* RetroluxReflector.framework in Frameworks */,
			);
			runOnlyForDeploymentPostprocessing = 0;
		};
		4978AA861D35A11900E1F1A5 /* Frameworks */ = {
			isa = PBXFrameworksBuildPhase;
			buildActionMask = 2147483647;
			files = (
				3418ABF61DFF15DD00E71ECB /* RetroluxReflector.framework in Frameworks */,
			);
			runOnlyForDeploymentPostprocessing = 0;
		};
/* End PBXFrameworksBuildPhase section */

/* Begin PBXGroup section */
		34E55BE91E3A6A56000DD128 /* Core */ = {
			isa = PBXGroup;
			children = (
				4999F8FC1DA8CD7100E4C556 /* Abstract */,
				34E55BEA1E3A6A80000DD128 /* Concrete */,
			);
			name = Core;
			sourceTree = "<group>";
		};
		34E55BEA1E3A6A80000DD128 /* Concrete */ = {
			isa = PBXGroup;
			children = (
				49C192571DA96CE400823A55 /* Builder.swift */,
				49C192591DA96D4500823A55 /* Method.swift */,
				F3A3D0101D875C7A0067D03C /* Response.swift */,
			);
			name = Concrete;
			sourceTree = "<group>";
		};
		34E55BEB1E3A6B48000DD128 /* HTTP */ = {
			isa = PBXGroup;
			children = (
				498BCF651D39FC5E00345E9F /* HTTPClient.swift */,
				4999F9071DA8CF6800E4C556 /* HTTPTask.swift */,
				49C1925B1DA9958F00823A55 /* HTTPCall.swift */,
				4990617C1DA9B1D20047F553 /* HTTPCallFactory.swift */,
				4999F9091DA8CFEC00E4C556 /* Header.swift */,
			);
			name = HTTP;
			sourceTree = "<group>";
		};
		34E55BEC1E3A6BC4000DD128 /* URLEncoded */ = {
			isa = PBXGroup;
			children = (
				3472D1C71E0C70E600AE8621 /* URLEncodedSerializer.swift */,
				34E21CCC1E1B26F8003294D6 /* URLEncodedBody.swift */,
				34F027911E3BE954007AA8C9 /* Field.swift */,
			);
			name = URLEncoded;
			sourceTree = "<group>";
		};
		34E55BED1E3A6BE5000DD128 /* MultipartFormData */ = {
			isa = PBXGroup;
			children = (
				34F027971E3BFF9E007AA8C9 /* AFError.swift */,
				34F027981E3BFF9E007AA8C9 /* MultipartFormData.swift */,
				34E55BFA1E3A7B8B000DD128 /* MultipartFormDataSerializer.swift */,
				34E55BFC1E3A7BDE000DD128 /* MultipartEncodeable.swift */,
				34E55BFE1E3A7BF7000DD128 /* Part.swift */,
			);
			name = MultipartFormData;
			sourceTree = "<group>";
		};
		34E55BEE1E3A6BF4000DD128 /* ReflectionJSON */ = {
			isa = PBXGroup;
			children = (
				4990617E1DA9B39F0047F553 /* ReflectionJSONSerializer.swift */,
			);
			name = ReflectionJSON;
			sourceTree = "<group>";
		};
		34E55BEF1E3A6D37000DD128 /* Args */ = {
			isa = PBXGroup;
			children = (
				49DE43431DAAA0C000D41572 /* Body.swift */,
				49DE434B1DAAD82100D41572 /* Path.swift */,
				34E55BF01E3A6D49000DD128 /* Query.swift */,
			);
			name = Args;
			sourceTree = "<group>";
		};
		34F26C971CFFE8A9008C3D9A = {
			isa = PBXGroup;
			children = (
				497131A81DB87507007AF60E /* RetroluxReflector.framework */,
				34F26CA21CFFE8A9008C3D9A /* Retrolux */,
				4978AA8A1D35A11900E1F1A5 /* RetroluxTests */,
				34F26CA11CFFE8A9008C3D9A /* Products */,
			);
			sourceTree = "<group>";
		};
		34F26CA11CFFE8A9008C3D9A /* Products */ = {
			isa = PBXGroup;
			children = (
				34F26CA01CFFE8A9008C3D9A /* Retrolux.app */,
				4978AA891D35A11900E1F1A5 /* RetroluxTests.xctest */,
			);
			name = Products;
			sourceTree = "<group>";
		};
		34F26CA21CFFE8A9008C3D9A /* Retrolux */ = {
			isa = PBXGroup;
			children = (
				34E55BE91E3A6A56000DD128 /* Core */,
				4999F9021DA8CDCF00E4C556 /* Additions */,
				34F26CA31CFFE8A9008C3D9A /* AppDelegate.swift */,
				34F26CAA1CFFE8A9008C3D9A /* Assets.xcassets */,
				34F26CAF1CFFE8A9008C3D9A /* Info.plist */,
				34F26CAC1CFFE8A9008C3D9A /* LaunchScreen.storyboard */,
				34F26CA71CFFE8A9008C3D9A /* Main.storyboard */,
				34F26CA51CFFE8A9008C3D9A /* ViewController.swift */,
			);
			path = Retrolux;
			sourceTree = "<group>";
		};
		4978AA8A1D35A11900E1F1A5 /* RetroluxTests */ = {
			isa = PBXGroup;
			children = (
				34F027931E3BF4B8007AA8C9 /* testmultipleparts.data */,
				3424A6EE1E3A962700D2240F /* request.data */,
				4978AA8D1D35A11900E1F1A5 /* Info.plist */,
				3484545B1DB2C37700032ACC /* ReflectionJSONSerializerTests.swift */,
				3418ABF71DFF1B3A00E71ECB /* BuilderTests.swift */,
				34E21CCE1E1B2A20003294D6 /* URLEncodedSerializerTests.swift */,
				34926EE61E301255009E4E42 /* RetroluxTests-Bridging-Header.h */,
				34926EE71E3020CE009E4E42 /* Sensitive.plist */,
				347814EB1E36AFD6004E47E0 /* DigestAuthTests.swift */,
				34E55BF21E3A6F1B000DD128 /* QueryTests.swift */,
				34E55BF81E3A7476000DD128 /* PathTests.swift */,
				3424A6E81E3A7EE200D2240F /* MultipartFormDataSerializerTests.swift */,
				34F027951E3BFC79007AA8C9 /* HeaderTests.swift */,
			);
			path = RetroluxTests;
			sourceTree = "<group>";
		};
		4999F8FC1DA8CD7100E4C556 /* Abstract */ = {
			isa = PBXGroup;
			children = (
				4999F8FA1DA8CD5B00E4C556 /* Call.swift */,
				49C1925D1DA99B0000823A55 /* CallFactory.swift */,
				4999F8FD1DA8CD7C00E4C556 /* Client.swift */,
				34E5F3011DFF89B20014537C /* ClientResponse.swift */,
				49DE434D1DAAE01800D41572 /* MergeableArg.swift */,
				49DE43471DAAA54C00D41572 /* SelfApplyingArg.swift */,
				4990617A1DA9AFE30047F553 /* Serializer.swift */,
				34B0D0151E38097C0036A65E /* SerializerArg.swift */,
				498BCF611D39F9B100345E9F /* Task.swift */,
				49DE43491DAAA57C00D41572 /* WrappedSerializerArg.swift */,
			);
			name = Abstract;
			sourceTree = "<group>";
		};
		4999F9021DA8CDCF00E4C556 /* Additions */ = {
			isa = PBXGroup;
			children = (
				34E55BEF1E3A6D37000DD128 /* Args */,
				34E55BEB1E3A6B48000DD128 /* HTTP */,
				34E55BED1E3A6BE5000DD128 /* MultipartFormData */,
				34E55BEE1E3A6BF4000DD128 /* ReflectionJSON */,
				34E55BEC1E3A6BC4000DD128 /* URLEncoded */,
				34E55BF41E3A6F55000DD128 /* RetroluxBuilder.swift */,
			);
			name = Additions;
			sourceTree = "<group>";
		};
/* End PBXGroup section */

/* Begin PBXNativeTarget section */
		34F26C9F1CFFE8A9008C3D9A /* Retrolux */ = {
			isa = PBXNativeTarget;
			buildConfigurationList = 34F26CB21CFFE8A9008C3D9A /* Build configuration list for PBXNativeTarget "Retrolux" */;
			buildPhases = (
				34F26C9C1CFFE8A9008C3D9A /* Sources */,
				34F26C9D1CFFE8A9008C3D9A /* Frameworks */,
				34F26C9E1CFFE8A9008C3D9A /* Resources */,
				497131AB1DB87507007AF60E /* Embed Frameworks */,
			);
			buildRules = (
			);
			dependencies = (
			);
			name = Retrolux;
			productName = Retrolux;
			productReference = 34F26CA01CFFE8A9008C3D9A /* Retrolux.app */;
			productType = "com.apple.product-type.application";
		};
		4978AA881D35A11900E1F1A5 /* RetroluxTests */ = {
			isa = PBXNativeTarget;
			buildConfigurationList = 4978AA901D35A11900E1F1A5 /* Build configuration list for PBXNativeTarget "RetroluxTests" */;
			buildPhases = (
				4978AA851D35A11900E1F1A5 /* Sources */,
				4978AA861D35A11900E1F1A5 /* Frameworks */,
				4978AA871D35A11900E1F1A5 /* Resources */,
			);
			buildRules = (
			);
			dependencies = (
				4978AA8F1D35A11900E1F1A5 /* PBXTargetDependency */,
			);
			name = RetroluxTests;
			productName = RetroluxTests;
			productReference = 4978AA891D35A11900E1F1A5 /* RetroluxTests.xctest */;
			productType = "com.apple.product-type.bundle.unit-test";
		};
/* End PBXNativeTarget section */

/* Begin PBXProject section */
		34F26C981CFFE8A9008C3D9A /* Project object */ = {
			isa = PBXProject;
			attributes = {
				LastSwiftUpdateCheck = 0730;
				LastUpgradeCheck = 0820;
				ORGANIZATIONNAME = Bryan;
				TargetAttributes = {
					34F26C9F1CFFE8A9008C3D9A = {
						CreatedOnToolsVersion = 7.3;
						DevelopmentTeam = YGH3FGY9H8;
						LastSwiftMigration = 0800;
					};
					4978AA881D35A11900E1F1A5 = {
						CreatedOnToolsVersion = 7.3.1;
						DevelopmentTeam = YGH3FGY9H8;
						LastSwiftMigration = 0800;
						TestTargetID = 34F26C9F1CFFE8A9008C3D9A;
					};
				};
			};
			buildConfigurationList = 34F26C9B1CFFE8A9008C3D9A /* Build configuration list for PBXProject "Retrolux" */;
			compatibilityVersion = "Xcode 3.2";
			developmentRegion = English;
			hasScannedForEncodings = 0;
			knownRegions = (
				en,
				Base,
			);
			mainGroup = 34F26C971CFFE8A9008C3D9A;
			productRefGroup = 34F26CA11CFFE8A9008C3D9A /* Products */;
			projectDirPath = "";
			projectRoot = "";
			targets = (
				34F26C9F1CFFE8A9008C3D9A /* Retrolux */,
				4978AA881D35A11900E1F1A5 /* RetroluxTests */,
			);
		};
/* End PBXProject section */

/* Begin PBXResourcesBuildPhase section */
		34F26C9E1CFFE8A9008C3D9A /* Resources */ = {
			isa = PBXResourcesBuildPhase;
			buildActionMask = 2147483647;
			files = (
				34F26CAE1CFFE8A9008C3D9A /* LaunchScreen.storyboard in Resources */,
				34F26CAB1CFFE8A9008C3D9A /* Assets.xcassets in Resources */,
				34F26CA91CFFE8A9008C3D9A /* Main.storyboard in Resources */,
			);
			runOnlyForDeploymentPostprocessing = 0;
		};
		4978AA871D35A11900E1F1A5 /* Resources */ = {
			isa = PBXResourcesBuildPhase;
			buildActionMask = 2147483647;
			files = (
				34F027941E3BF4B8007AA8C9 /* testmultipleparts.data in Resources */,
				34926EEA1E3023B3009E4E42 /* Sensitive.plist in Resources */,
				3424A6EF1E3A962700D2240F /* request.data in Resources */,
			);
			runOnlyForDeploymentPostprocessing = 0;
		};
/* End PBXResourcesBuildPhase section */

/* Begin PBXSourcesBuildPhase section */
		34F26C9C1CFFE8A9008C3D9A /* Sources */ = {
			isa = PBXSourcesBuildPhase;
			buildActionMask = 2147483647;
			files = (
				34E21CCD1E1B26F8003294D6 /* URLEncodedBody.swift in Sources */,
				4999F90A1DA8CFEC00E4C556 /* Header.swift in Sources */,
				34F26CA61CFFE8A9008C3D9A /* ViewController.swift in Sources */,
				49C1925E1DA99B0000823A55 /* CallFactory.swift in Sources */,
				49C1925C1DA9958F00823A55 /* HTTPCall.swift in Sources */,
				49C192581DA96CE400823A55 /* Builder.swift in Sources */,
				34F26CA41CFFE8A9008C3D9A /* AppDelegate.swift in Sources */,
				49DE43441DAAA0C000D41572 /* Body.swift in Sources */,
				34E55BF11E3A6D49000DD128 /* Query.swift in Sources */,
				4990617D1DA9B1D20047F553 /* HTTPCallFactory.swift in Sources */,
				4999F8FE1DA8CD7C00E4C556 /* Client.swift in Sources */,
				F3A3D0111D875C7A0067D03C /* Response.swift in Sources */,
				4990617B1DA9AFE30047F553 /* Serializer.swift in Sources */,
				34E55BFF1E3A7BF7000DD128 /* Part.swift in Sources */,
				34E55BFD1E3A7BDE000DD128 /* MultipartEncodeable.swift in Sources */,
				49DE43481DAAA54C00D41572 /* SelfApplyingArg.swift in Sources */,
				34E55BFB1E3A7B8B000DD128 /* MultipartFormDataSerializer.swift in Sources */,
				34B0D0161E38097C0036A65E /* SerializerArg.swift in Sources */,
				4999F8FB1DA8CD5B00E4C556 /* Call.swift in Sources */,
				49DE434E1DAAE01800D41572 /* MergeableArg.swift in Sources */,
				49C1925A1DA96D4500823A55 /* Method.swift in Sources */,
				498BCF621D39F9B100345E9F /* Task.swift in Sources */,
				34E5F3021DFF89B20014537C /* ClientResponse.swift in Sources */,
				4999F9081DA8CF6800E4C556 /* HTTPTask.swift in Sources */,
				4990617F1DA9B39F0047F553 /* ReflectionJSONSerializer.swift in Sources */,
				34F027991E3BFF9E007AA8C9 /* AFError.swift in Sources */,
				34E55BF51E3A6F55000DD128 /* RetroluxBuilder.swift in Sources */,
				34F0279A1E3BFF9E007AA8C9 /* MultipartFormData.swift in Sources */,
				49DE434A1DAAA57C00D41572 /* WrappedSerializerArg.swift in Sources */,
				49DE434C1DAAD82100D41572 /* Path.swift in Sources */,
				498BCF661D39FC5E00345E9F /* HTTPClient.swift in Sources */,
				3472D1C81E0C70E600AE8621 /* URLEncodedSerializer.swift in Sources */,
				34F027921E3BE954007AA8C9 /* Field.swift in Sources */,
			);
			runOnlyForDeploymentPostprocessing = 0;
		};
		4978AA851D35A11900E1F1A5 /* Sources */ = {
			isa = PBXSourcesBuildPhase;
			buildActionMask = 2147483647;
			files = (
				34F027961E3BFC79007AA8C9 /* HeaderTests.swift in Sources */,
				34E55BF91E3A7476000DD128 /* PathTests.swift in Sources */,
				347814EC1E36AFD6004E47E0 /* DigestAuthTests.swift in Sources */,
				3424A6E91E3A7EE200D2240F /* MultipartFormDataSerializerTests.swift in Sources */,
				3484545C1DB2C37700032ACC /* ReflectionJSONSerializerTests.swift in Sources */,
				34E55BF31E3A6F1B000DD128 /* QueryTests.swift in Sources */,
				34E21CCF1E1B2A20003294D6 /* URLEncodedSerializerTests.swift in Sources */,
				3418ABF81DFF1B3A00E71ECB /* BuilderTests.swift in Sources */,
			);
			runOnlyForDeploymentPostprocessing = 0;
		};
/* End PBXSourcesBuildPhase section */

/* Begin PBXTargetDependency section */
		4978AA8F1D35A11900E1F1A5 /* PBXTargetDependency */ = {
			isa = PBXTargetDependency;
			target = 34F26C9F1CFFE8A9008C3D9A /* Retrolux */;
			targetProxy = 4978AA8E1D35A11900E1F1A5 /* PBXContainerItemProxy */;
		};
/* End PBXTargetDependency section */

/* Begin PBXVariantGroup section */
		34F26CA71CFFE8A9008C3D9A /* Main.storyboard */ = {
			isa = PBXVariantGroup;
			children = (
				34F26CA81CFFE8A9008C3D9A /* Base */,
			);
			name = Main.storyboard;
			sourceTree = "<group>";
		};
		34F26CAC1CFFE8A9008C3D9A /* LaunchScreen.storyboard */ = {
			isa = PBXVariantGroup;
			children = (
				34F26CAD1CFFE8A9008C3D9A /* Base */,
			);
			name = LaunchScreen.storyboard;
			sourceTree = "<group>";
		};
/* End PBXVariantGroup section */

/* Begin XCBuildConfiguration section */
		34F26CB01CFFE8A9008C3D9A /* Debug */ = {
			isa = XCBuildConfiguration;
			buildSettings = {
				ALWAYS_SEARCH_USER_PATHS = NO;
				CLANG_ANALYZER_NONNULL = YES;
				CLANG_CXX_LANGUAGE_STANDARD = "gnu++0x";
				CLANG_CXX_LIBRARY = "libc++";
				CLANG_ENABLE_MODULES = YES;
				CLANG_ENABLE_OBJC_ARC = YES;
				CLANG_WARN_BOOL_CONVERSION = YES;
				CLANG_WARN_CONSTANT_CONVERSION = YES;
				CLANG_WARN_DIRECT_OBJC_ISA_USAGE = YES_ERROR;
				CLANG_WARN_EMPTY_BODY = YES;
				CLANG_WARN_ENUM_CONVERSION = YES;
				CLANG_WARN_INFINITE_RECURSION = YES;
				CLANG_WARN_INT_CONVERSION = YES;
				CLANG_WARN_OBJC_ROOT_CLASS = YES_ERROR;
				CLANG_WARN_SUSPICIOUS_MOVE = YES;
				CLANG_WARN_UNREACHABLE_CODE = YES;
				CLANG_WARN__DUPLICATE_METHOD_MATCH = YES;
				"CODE_SIGN_IDENTITY[sdk=iphoneos*]" = "iPhone Developer";
				COPY_PHASE_STRIP = NO;
				DEBUG_INFORMATION_FORMAT = dwarf;
				ENABLE_STRICT_OBJC_MSGSEND = YES;
				ENABLE_TESTABILITY = YES;
				GCC_C_LANGUAGE_STANDARD = gnu99;
				GCC_DYNAMIC_NO_PIC = NO;
				GCC_NO_COMMON_BLOCKS = YES;
				GCC_OPTIMIZATION_LEVEL = 0;
				GCC_PREPROCESSOR_DEFINITIONS = (
					"DEBUG=1",
					"$(inherited)",
				);
				GCC_WARN_64_TO_32_BIT_CONVERSION = YES;
				GCC_WARN_ABOUT_RETURN_TYPE = YES_ERROR;
				GCC_WARN_UNDECLARED_SELECTOR = YES;
				GCC_WARN_UNINITIALIZED_AUTOS = YES_AGGRESSIVE;
				GCC_WARN_UNUSED_FUNCTION = YES;
				GCC_WARN_UNUSED_VARIABLE = YES;
				IPHONEOS_DEPLOYMENT_TARGET = 9.3;
				MTL_ENABLE_DEBUG_INFO = YES;
				ONLY_ACTIVE_ARCH = YES;
				SDKROOT = iphoneos;
				SWIFT_OPTIMIZATION_LEVEL = "-Onone";
				TARGETED_DEVICE_FAMILY = "1,2";
			};
			name = Debug;
		};
		34F26CB11CFFE8A9008C3D9A /* Release */ = {
			isa = XCBuildConfiguration;
			buildSettings = {
				ALWAYS_SEARCH_USER_PATHS = NO;
				CLANG_ANALYZER_NONNULL = YES;
				CLANG_CXX_LANGUAGE_STANDARD = "gnu++0x";
				CLANG_CXX_LIBRARY = "libc++";
				CLANG_ENABLE_MODULES = YES;
				CLANG_ENABLE_OBJC_ARC = YES;
				CLANG_WARN_BOOL_CONVERSION = YES;
				CLANG_WARN_CONSTANT_CONVERSION = YES;
				CLANG_WARN_DIRECT_OBJC_ISA_USAGE = YES_ERROR;
				CLANG_WARN_EMPTY_BODY = YES;
				CLANG_WARN_ENUM_CONVERSION = YES;
				CLANG_WARN_INFINITE_RECURSION = YES;
				CLANG_WARN_INT_CONVERSION = YES;
				CLANG_WARN_OBJC_ROOT_CLASS = YES_ERROR;
				CLANG_WARN_SUSPICIOUS_MOVE = YES;
				CLANG_WARN_UNREACHABLE_CODE = YES;
				CLANG_WARN__DUPLICATE_METHOD_MATCH = YES;
				"CODE_SIGN_IDENTITY[sdk=iphoneos*]" = "iPhone Developer";
				COPY_PHASE_STRIP = NO;
				DEBUG_INFORMATION_FORMAT = "dwarf-with-dsym";
				ENABLE_NS_ASSERTIONS = NO;
				ENABLE_STRICT_OBJC_MSGSEND = YES;
				GCC_C_LANGUAGE_STANDARD = gnu99;
				GCC_NO_COMMON_BLOCKS = YES;
				GCC_WARN_64_TO_32_BIT_CONVERSION = YES;
				GCC_WARN_ABOUT_RETURN_TYPE = YES_ERROR;
				GCC_WARN_UNDECLARED_SELECTOR = YES;
				GCC_WARN_UNINITIALIZED_AUTOS = YES_AGGRESSIVE;
				GCC_WARN_UNUSED_FUNCTION = YES;
				GCC_WARN_UNUSED_VARIABLE = YES;
				IPHONEOS_DEPLOYMENT_TARGET = 9.3;
				MTL_ENABLE_DEBUG_INFO = NO;
				SDKROOT = iphoneos;
				SWIFT_OPTIMIZATION_LEVEL = "-Owholemodule";
				TARGETED_DEVICE_FAMILY = "1,2";
				VALIDATE_PRODUCT = YES;
			};
			name = Release;
		};
		34F26CB31CFFE8A9008C3D9A /* Debug */ = {
			isa = XCBuildConfiguration;
			buildSettings = {
				ASSETCATALOG_COMPILER_APPICON_NAME = AppIcon;
				CLANG_ENABLE_MODULES = YES;
				DEVELOPMENT_TEAM = YGH3FGY9H8;
				FRAMEWORK_SEARCH_PATHS = (
					"$(inherited)",
					"$(PROJECT_DIR)/Carthage/Build/iOS",
				);
				INFOPLIST_FILE = Retrolux/Info.plist;
				IPHONEOS_DEPLOYMENT_TARGET = 8.0;
				LD_RUNPATH_SEARCH_PATHS = "$(inherited) @executable_path/Frameworks";
				PRODUCT_BUNDLE_IDENTIFIER = com.test.Retrolux;
				PRODUCT_NAME = "$(TARGET_NAME)";
				SWIFT_INSTALL_OBJC_HEADER = NO;
				SWIFT_OPTIMIZATION_LEVEL = "-Onone";
				SWIFT_VERSION = 3.0;
			};
			name = Debug;
		};
		34F26CB41CFFE8A9008C3D9A /* Release */ = {
			isa = XCBuildConfiguration;
			buildSettings = {
				ASSETCATALOG_COMPILER_APPICON_NAME = AppIcon;
				CLANG_ENABLE_MODULES = YES;
				DEVELOPMENT_TEAM = YGH3FGY9H8;
				FRAMEWORK_SEARCH_PATHS = (
					"$(inherited)",
					"$(PROJECT_DIR)/Carthage/Build/iOS",
				);
				INFOPLIST_FILE = Retrolux/Info.plist;
				IPHONEOS_DEPLOYMENT_TARGET = 8.0;
				LD_RUNPATH_SEARCH_PATHS = "$(inherited) @executable_path/Frameworks";
				PRODUCT_BUNDLE_IDENTIFIER = com.test.Retrolux;
				PRODUCT_NAME = "$(TARGET_NAME)";
				SWIFT_INSTALL_OBJC_HEADER = NO;
				SWIFT_VERSION = 3.0;
			};
			name = Release;
		};
		4978AA911D35A11900E1F1A5 /* Debug */ = {
			isa = XCBuildConfiguration;
			buildSettings = {
				BUNDLE_LOADER = "$(TEST_HOST)";
				DEVELOPMENT_TEAM = YGH3FGY9H8;
				FRAMEWORK_SEARCH_PATHS = (
					"$(inherited)",
					"$(PROJECT_DIR)/Carthage/Build/iOS",
				);
				INFOPLIST_FILE = RetroluxTests/Info.plist;
				IPHONEOS_DEPLOYMENT_TARGET = 10.0;
				LD_RUNPATH_SEARCH_PATHS = "$(inherited) @executable_path/Frameworks @loader_path/Frameworks";
				PRODUCT_BUNDLE_IDENTIFIER = com.bryan.RetroluxTests;
				PRODUCT_NAME = "$(TARGET_NAME)";
				SWIFT_OBJC_BRIDGING_HEADER = "RetroluxTests/RetroluxTests-Bridging-Header.h";
				SWIFT_VERSION = 3.0;
				TEST_HOST = "$(BUILT_PRODUCTS_DIR)/Retrolux.app/Retrolux";
			};
			name = Debug;
		};
		4978AA921D35A11900E1F1A5 /* Release */ = {
			isa = XCBuildConfiguration;
			buildSettings = {
				BUNDLE_LOADER = "$(TEST_HOST)";
				DEVELOPMENT_TEAM = YGH3FGY9H8;
				FRAMEWORK_SEARCH_PATHS = (
					"$(inherited)",
					"$(PROJECT_DIR)/Carthage/Build/iOS",
				);
				INFOPLIST_FILE = RetroluxTests/Info.plist;
				IPHONEOS_DEPLOYMENT_TARGET = 10.0;
				LD_RUNPATH_SEARCH_PATHS = "$(inherited) @executable_path/Frameworks @loader_path/Frameworks";
				PRODUCT_BUNDLE_IDENTIFIER = com.bryan.RetroluxTests;
				PRODUCT_NAME = "$(TARGET_NAME)";
				SWIFT_OBJC_BRIDGING_HEADER = "RetroluxTests/RetroluxTests-Bridging-Header.h";
				SWIFT_VERSION = 3.0;
				TEST_HOST = "$(BUILT_PRODUCTS_DIR)/Retrolux.app/Retrolux";
			};
			name = Release;
		};
/* End XCBuildConfiguration section */

/* Begin XCConfigurationList section */
		34F26C9B1CFFE8A9008C3D9A /* Build configuration list for PBXProject "Retrolux" */ = {
			isa = XCConfigurationList;
			buildConfigurations = (
				34F26CB01CFFE8A9008C3D9A /* Debug */,
				34F26CB11CFFE8A9008C3D9A /* Release */,
			);
			defaultConfigurationIsVisible = 0;
			defaultConfigurationName = Release;
		};
		34F26CB21CFFE8A9008C3D9A /* Build configuration list for PBXNativeTarget "Retrolux" */ = {
			isa = XCConfigurationList;
			buildConfigurations = (
				34F26CB31CFFE8A9008C3D9A /* Debug */,
				34F26CB41CFFE8A9008C3D9A /* Release */,
			);
			defaultConfigurationIsVisible = 0;
			defaultConfigurationName = Release;
		};
		4978AA901D35A11900E1F1A5 /* Build configuration list for PBXNativeTarget "RetroluxTests" */ = {
			isa = XCConfigurationList;
			buildConfigurations = (
				4978AA911D35A11900E1F1A5 /* Debug */,
				4978AA921D35A11900E1F1A5 /* Release */,
			);
			defaultConfigurationIsVisible = 0;
			defaultConfigurationName = Release;
		};
/* End XCConfigurationList section */
	};
	rootObject = 34F26C981CFFE8A9008C3D9A /* Project object */;
}
