// !$*UTF8*$!
{
	archiveVersion = 1;
	classes = {
	};
	objectVersion = 46;
	objects = {

/* Begin PBXBuildFile section */
		34191B271D0396BF00553C20 /* Retrolux.swift in Sources */ = {isa = PBXBuildFile; fileRef = 34191B261D0396BF00553C20 /* Retrolux.swift */; };
		34344ED01D052D9E00616CC3 /* Endpoint.swift in Sources */ = {isa = PBXBuildFile; fileRef = 34344ECF1D052D9E00616CC3 /* Endpoint.swift */; };
		34344ED21D0559EA00616CC3 /* ExampleObjects.swift in Sources */ = {isa = PBXBuildFile; fileRef = 34344ED11D0559EA00616CC3 /* ExampleObjects.swift */; };
		34F26CA41CFFE8A9008C3D9A /* AppDelegate.swift in Sources */ = {isa = PBXBuildFile; fileRef = 34F26CA31CFFE8A9008C3D9A /* AppDelegate.swift */; };
		34F26CA61CFFE8A9008C3D9A /* ViewController.swift in Sources */ = {isa = PBXBuildFile; fileRef = 34F26CA51CFFE8A9008C3D9A /* ViewController.swift */; };
		34F26CA91CFFE8A9008C3D9A /* Main.storyboard in Resources */ = {isa = PBXBuildFile; fileRef = 34F26CA71CFFE8A9008C3D9A /* Main.storyboard */; };
		34F26CAB1CFFE8A9008C3D9A /* Assets.xcassets in Resources */ = {isa = PBXBuildFile; fileRef = 34F26CAA1CFFE8A9008C3D9A /* Assets.xcassets */; };
		34F26CAE1CFFE8A9008C3D9A /* LaunchScreen.storyboard in Resources */ = {isa = PBXBuildFile; fileRef = 34F26CAC1CFFE8A9008C3D9A /* LaunchScreen.storyboard */; };
		34F26CB61CFFE8F6008C3D9A /* Serializer.swift in Sources */ = {isa = PBXBuildFile; fileRef = 34F26CB51CFFE8F6008C3D9A /* Serializer.swift */; };
/* End PBXBuildFile section */

/* Begin PBXFileReference section */
		34191B261D0396BF00553C20 /* Retrolux.swift */ = {isa = PBXFileReference; fileEncoding = 4; lastKnownFileType = sourcecode.swift; path = Retrolux.swift; sourceTree = "<group>"; };
		34344ECF1D052D9E00616CC3 /* Endpoint.swift */ = {isa = PBXFileReference; fileEncoding = 4; lastKnownFileType = sourcecode.swift; path = Endpoint.swift; sourceTree = "<group>"; };
		34344ED11D0559EA00616CC3 /* ExampleObjects.swift */ = {isa = PBXFileReference; fileEncoding = 4; lastKnownFileType = sourcecode.swift; path = ExampleObjects.swift; sourceTree = "<group>"; };
		34F26CA01CFFE8A9008C3D9A /* Retrolux.app */ = {isa = PBXFileReference; explicitFileType = wrapper.application; includeInIndex = 0; path = Retrolux.app; sourceTree = BUILT_PRODUCTS_DIR; };
		34F26CA31CFFE8A9008C3D9A /* AppDelegate.swift */ = {isa = PBXFileReference; lastKnownFileType = sourcecode.swift; path = AppDelegate.swift; sourceTree = "<group>"; };
		34F26CA51CFFE8A9008C3D9A /* ViewController.swift */ = {isa = PBXFileReference; lastKnownFileType = sourcecode.swift; path = ViewController.swift; sourceTree = "<group>"; };
		34F26CA81CFFE8A9008C3D9A /* Base */ = {isa = PBXFileReference; lastKnownFileType = file.storyboard; name = Base; path = Base.lproj/Main.storyboard; sourceTree = "<group>"; };
		34F26CAA1CFFE8A9008C3D9A /* Assets.xcassets */ = {isa = PBXFileReference; lastKnownFileType = folder.assetcatalog; path = Assets.xcassets; sourceTree = "<group>"; };
		34F26CAD1CFFE8A9008C3D9A /* Base */ = {isa = PBXFileReference; lastKnownFileType = file.storyboard; name = Base; path = Base.lproj/LaunchScreen.storyboard; sourceTree = "<group>"; };
		34F26CAF1CFFE8A9008C3D9A /* Info.plist */ = {isa = PBXFileReference; lastKnownFileType = text.plist.xml; path = Info.plist; sourceTree = "<group>"; };
		34F26CB51CFFE8F6008C3D9A /* Serializer.swift */ = {isa = PBXFileReference; fileEncoding = 4; lastKnownFileType = sourcecode.swift; path = Serializer.swift; sourceTree = "<group>"; };
/* End PBXFileReference section */

/* Begin PBXFrameworksBuildPhase section */
		34F26C9D1CFFE8A9008C3D9A /* Frameworks */ = {
			isa = PBXFrameworksBuildPhase;
			buildActionMask = 2147483647;
			files = (
			);
			runOnlyForDeploymentPostprocessing = 0;
		};
/* End PBXFrameworksBuildPhase section */

/* Begin PBXGroup section */
		34F26C971CFFE8A9008C3D9A = {
			isa = PBXGroup;
			children = (
				34F26CA21CFFE8A9008C3D9A /* Retrolux */,
				34F26CA11CFFE8A9008C3D9A /* Products */,
			);
			sourceTree = "<group>";
		};
		34F26CA11CFFE8A9008C3D9A /* Products */ = {
			isa = PBXGroup;
			children = (
				34F26CA01CFFE8A9008C3D9A /* Retrolux.app */,
			);
			name = Products;
			sourceTree = "<group>";
		};
		34F26CA21CFFE8A9008C3D9A /* Retrolux */ = {
			isa = PBXGroup;
			children = (
				34F26CA31CFFE8A9008C3D9A /* AppDelegate.swift */,
				34F26CA51CFFE8A9008C3D9A /* ViewController.swift */,
				34F26CA71CFFE8A9008C3D9A /* Main.storyboard */,
				34F26CAA1CFFE8A9008C3D9A /* Assets.xcassets */,
				34F26CAC1CFFE8A9008C3D9A /* LaunchScreen.storyboard */,
				34F26CAF1CFFE8A9008C3D9A /* Info.plist */,
				34F26CB51CFFE8F6008C3D9A /* Serializer.swift */,
				34191B261D0396BF00553C20 /* Retrolux.swift */,
				34344ECF1D052D9E00616CC3 /* Endpoint.swift */,
				34344ED11D0559EA00616CC3 /* ExampleObjects.swift */,
			);
			path = Retrolux;
			sourceTree = "<group>";
		};
/* End PBXGroup section */

/* Begin PBXNativeTarget section */
		34F26C9F1CFFE8A9008C3D9A /* Retrolux */ = {
			isa = PBXNativeTarget;
			buildConfigurationList = 34F26CB21CFFE8A9008C3D9A /* Build configuration list for PBXNativeTarget "Retrolux" */;
			buildPhases = (
				34F26C9C1CFFE8A9008C3D9A /* Sources */,
				34F26C9D1CFFE8A9008C3D9A /* Frameworks */,
				34F26C9E1CFFE8A9008C3D9A /* Resources */,
			);
			buildRules = (
			);
			dependencies = (
			);
			name = Retrolux;
			productName = Retrolux;
			productReference = 34F26CA01CFFE8A9008C3D9A /* Retrolux.app */;
			productType = "com.apple.product-type.application";
		};
/* End PBXNativeTarget section */

/* Begin PBXProject section */
		34F26C981CFFE8A9008C3D9A /* Project object */ = {
			isa = PBXProject;
			attributes = {
				LastSwiftUpdateCheck = 0730;
				LastUpgradeCheck = 0730;
				ORGANIZATIONNAME = Bryan;
				TargetAttributes = {
					34F26C9F1CFFE8A9008C3D9A = {
						CreatedOnToolsVersion = 7.3;
					};
				};
			};
			buildConfigurationList = 34F26C9B1CFFE8A9008C3D9A /* Build configuration list for PBXProject "Retrolux" */;
			compatibilityVersion = "Xcode 3.2";
			developmentRegion = English;
			hasScannedForEncodings = 0;
			knownRegions = (
				en,
				Base,
			);
			mainGroup = 34F26C971CFFE8A9008C3D9A;
			productRefGroup = 34F26CA11CFFE8A9008C3D9A /* Products */;
			projectDirPath = "";
			projectRoot = "";
			targets = (
				34F26C9F1CFFE8A9008C3D9A /* Retrolux */,
			);
		};
/* End PBXProject section */

/* Begin PBXResourcesBuildPhase section */
		34F26C9E1CFFE8A9008C3D9A /* Resources */ = {
			isa = PBXResourcesBuildPhase;
			buildActionMask = 2147483647;
			files = (
				34F26CAE1CFFE8A9008C3D9A /* LaunchScreen.storyboard in Resources */,
				34F26CAB1CFFE8A9008C3D9A /* Assets.xcassets in Resources */,
				34F26CA91CFFE8A9008C3D9A /* Main.storyboard in Resources */,
			);
			runOnlyForDeploymentPostprocessing = 0;
		};
/* End PBXResourcesBuildPhase section */

/* Begin PBXSourcesBuildPhase section */
		34F26C9C1CFFE8A9008C3D9A /* Sources */ = {
			isa = PBXSourcesBuildPhase;
			buildActionMask = 2147483647;
			files = (
				34F26CA61CFFE8A9008C3D9A /* ViewController.swift in Sources */,
				34F26CB61CFFE8F6008C3D9A /* Serializer.swift in Sources */,
				34191B271D0396BF00553C20 /* Retrolux.swift in Sources */,
				34F26CA41CFFE8A9008C3D9A /* AppDelegate.swift in Sources */,
				34344ED21D0559EA00616CC3 /* ExampleObjects.swift in Sources */,
				34344ED01D052D9E00616CC3 /* Endpoint.swift in Sources */,
			);
			runOnlyForDeploymentPostprocessing = 0;
		};
/* End PBXSourcesBuildPhase section */

/* Begin PBXVariantGroup section */
		34F26CA71CFFE8A9008C3D9A /* Main.storyboard */ = {
			isa = PBXVariantGroup;
			children = (
				34F26CA81CFFE8A9008C3D9A /* Base */,
			);
			name = Main.storyboard;
			sourceTree = "<group>";
		};
		34F26CAC1CFFE8A9008C3D9A /* LaunchScreen.storyboard */ = {
			isa = PBXVariantGroup;
			children = (
				34F26CAD1CFFE8A9008C3D9A /* Base */,
			);
			name = LaunchScreen.storyboard;
			sourceTree = "<group>";
		};
/* End PBXVariantGroup section */

/* Begin XCBuildConfiguration section */
		34F26CB01CFFE8A9008C3D9A /* Debug */ = {
			isa = XCBuildConfiguration;
			buildSettings = {
				ALWAYS_SEARCH_USER_PATHS = NO;
				CLANG_ANALYZER_NONNULL = YES;
				CLANG_CXX_LANGUAGE_STANDARD = "gnu++0x";
				CLANG_CXX_LIBRARY = "libc++";
				CLANG_ENABLE_MODULES = YES;
				CLANG_ENABLE_OBJC_ARC = YES;
				CLANG_WARN_BOOL_CONVERSION = YES;
				CLANG_WARN_CONSTANT_CONVERSION = YES;
				CLANG_WARN_DIRECT_OBJC_ISA_USAGE = YES_ERROR;
				CLANG_WARN_EMPTY_BODY = YES;
				CLANG_WARN_ENUM_CONVERSION = YES;
				CLANG_WARN_INT_CONVERSION = YES;
				CLANG_WARN_OBJC_ROOT_CLASS = YES_ERROR;
				CLANG_WARN_UNREACHABLE_CODE = YES;
				CLANG_WARN__DUPLICATE_METHOD_MATCH = YES;
				"CODE_SIGN_IDENTITY[sdk=iphoneos*]" = "iPhone Developer";
				COPY_PHASE_STRIP = NO;
				DEBUG_INFORMATION_FORMAT = dwarf;
				ENABLE_STRICT_OBJC_MSGSEND = YES;
				ENABLE_TESTABILITY = YES;
				GCC_C_LANGUAGE_STANDARD = gnu99;
				GCC_DYNAMIC_NO_PIC = NO;
				GCC_NO_COMMON_BLOCKS = YES;
				GCC_OPTIMIZATION_LEVEL = 0;
				GCC_PREPROCESSOR_DEFINITIONS = (
					"DEBUG=1",
					"$(inherited)",
				);
				GCC_WARN_64_TO_32_BIT_CONVERSION = YES;
				GCC_WARN_ABOUT_RETURN_TYPE = YES_ERROR;
				GCC_WARN_UNDECLARED_SELECTOR = YES;
				GCC_WARN_UNINITIALIZED_AUTOS = YES_AGGRESSIVE;
				GCC_WARN_UNUSED_FUNCTION = YES;
				GCC_WARN_UNUSED_VARIABLE = YES;
				IPHONEOS_DEPLOYMENT_TARGET = 9.3;
				MTL_ENABLE_DEBUG_INFO = YES;
				ONLY_ACTIVE_ARCH = YES;
				SDKROOT = iphoneos;
				SWIFT_OPTIMIZATION_LEVEL = "-Onone";
				TARGETED_DEVICE_FAMILY = "1,2";
			};
			name = Debug;
		};
		34F26CB11CFFE8A9008C3D9A /* Release */ = {
			isa = XCBuildConfiguration;
			buildSettings = {
				ALWAYS_SEARCH_USER_PATHS = NO;
				CLANG_ANALYZER_NONNULL = YES;
				CLANG_CXX_LANGUAGE_STANDARD = "gnu++0x";
				CLANG_CXX_LIBRARY = "libc++";
				CLANG_ENABLE_MODULES = YES;
				CLANG_ENABLE_OBJC_ARC = YES;
				CLANG_WARN_BOOL_CONVERSION = YES;
				CLANG_WARN_CONSTANT_CONVERSION = YES;
				CLANG_WARN_DIRECT_OBJC_ISA_USAGE = YES_ERROR;
				CLANG_WARN_EMPTY_BODY = YES;
				CLANG_WARN_ENUM_CONVERSION = YES;
				CLANG_WARN_INT_CONVERSION = YES;
				CLANG_WARN_OBJC_ROOT_CLASS = YES_ERROR;
				CLANG_WARN_UNREACHABLE_CODE = YES;
				CLANG_WARN__DUPLICATE_METHOD_MATCH = YES;
				"CODE_SIGN_IDENTITY[sdk=iphoneos*]" = "iPhone Developer";
				COPY_PHASE_STRIP = NO;
				DEBUG_INFORMATION_FORMAT = "dwarf-with-dsym";
				ENABLE_NS_ASSERTIONS = NO;
				ENABLE_STRICT_OBJC_MSGSEND = YES;
				GCC_C_LANGUAGE_STANDARD = gnu99;
				GCC_NO_COMMON_BLOCKS = YES;
				GCC_WARN_64_TO_32_BIT_CONVERSION = YES;
				GCC_WARN_ABOUT_RETURN_TYPE = YES_ERROR;
				GCC_WARN_UNDECLARED_SELECTOR = YES;
				GCC_WARN_UNINITIALIZED_AUTOS = YES_AGGRESSIVE;
				GCC_WARN_UNUSED_FUNCTION = YES;
				GCC_WARN_UNUSED_VARIABLE = YES;
				IPHONEOS_DEPLOYMENT_TARGET = 9.3;
				MTL_ENABLE_DEBUG_INFO = NO;
				SDKROOT = iphoneos;
				TARGETED_DEVICE_FAMILY = "1,2";
				VALIDATE_PRODUCT = YES;
			};
			name = Release;
		};
		34F26CB31CFFE8A9008C3D9A /* Debug */ = {
			isa = XCBuildConfiguration;
			buildSettings = {
				ASSETCATALOG_COMPILER_APPICON_NAME = AppIcon;
				CLANG_ENABLE_MODULES = YES;
				INFOPLIST_FILE = Retrolux/Info.plist;
				LD_RUNPATH_SEARCH_PATHS = "$(inherited) @executable_path/Frameworks";
				PRODUCT_BUNDLE_IDENTIFIER = com.test.Retrolux;
				PRODUCT_NAME = "$(TARGET_NAME)";
				SWIFT_INSTALL_OBJC_HEADER = NO;
				SWIFT_OPTIMIZATION_LEVEL = "-Onone";
			};
			name = Debug;
		};
		34F26CB41CFFE8A9008C3D9A /* Release */ = {
			isa = XCBuildConfiguration;
			buildSettings = {
				ASSETCATALOG_COMPILER_APPICON_NAME = AppIcon;
				CLANG_ENABLE_MODULES = YES;
				INFOPLIST_FILE = Retrolux/Info.plist;
				LD_RUNPATH_SEARCH_PATHS = "$(inherited) @executable_path/Frameworks";
				PRODUCT_BUNDLE_IDENTIFIER = com.test.Retrolux;
				PRODUCT_NAME = "$(TARGET_NAME)";
				SWIFT_INSTALL_OBJC_HEADER = NO;
			};
			name = Release;
		};
/* End XCBuildConfiguration section */

/* Begin XCConfigurationList section */
		34F26C9B1CFFE8A9008C3D9A /* Build configuration list for PBXProject "Retrolux" */ = {
			isa = XCConfigurationList;
			buildConfigurations = (
				34F26CB01CFFE8A9008C3D9A /* Debug */,
				34F26CB11CFFE8A9008C3D9A /* Release */,
			);
			defaultConfigurationIsVisible = 0;
			defaultConfigurationName = Release;
		};
		34F26CB21CFFE8A9008C3D9A /* Build configuration list for PBXNativeTarget "Retrolux" */ = {
			isa = XCConfigurationList;
			buildConfigurations = (
				34F26CB31CFFE8A9008C3D9A /* Debug */,
				34F26CB41CFFE8A9008C3D9A /* Release */,
			);
			defaultConfigurationIsVisible = 0;
			defaultConfigurationName = Release;
		};
/* End XCConfigurationList section */
	};
	rootObject = 34F26C981CFFE8A9008C3D9A /* Project object */;
}
